
Microsoft Visual Studio Solution File, Format Version 12.00
# Visual Studio Version 17
VisualStudioVersion = 17.11.35219.272
MinimumVisualStudioVersion = 10.0.40219.1
Project("{FAE04EC0-301F-11D3-BF4B-00C04F79EFBC}") = "ChainOfResponsibility", "ChainOfResponsibility\ChainOfResponsibility.csproj", "{CE8131C5-4A86-4DD7-8831-FAA4E070CFE8}"
EndProject
Global
	GlobalSection(SolutionConfigurationPlatforms) = preSolution
		Debug|Any CPU = Debug|Any CPU
		Release|Any CPU = Release|Any CPU
	EndGlobalSection
	GlobalSection(ProjectConfigurationPlatforms) = postSolution
		{CE8131C5-4A86-4DD7-8831-FAA4E070CFE8}.Debug|Any CPU.ActiveCfg = Debug|Any CPU
		{CE8131C5-4A86-4DD7-8831-FAA4E070CFE8}.Debug|Any CPU.Build.0 = Debug|Any CPU
		{CE8131C5-4A86-4DD7-8831-FAA4E070CFE8}.Release|Any CPU.ActiveCfg = Release|Any CPU
		{CE8131C5-4A86-4DD7-8831-FAA4E070CFE8}.Release|Any CPU.Build.0 = Release|Any CPU
	EndGlobalSection
	GlobalSection(SolutionProperties) = preSolution
		HideSolutionNode = FALSE
	EndGlobalSection
	GlobalSection(ExtensibilityGlobals) = postSolution
		SolutionGuid = {F11C00CD-4CF4-48EF-9376-47F9552B72E8}
	EndGlobalSection
EndGlobal
